
Microsoft Visual Studio Solution File, Format Version 12.00
# Visual Studio 15
VisualStudioVersion = 15.0.28010.2046
MinimumVisualStudioVersion = 10.0.40219.1
Project("{FAE04EC0-301F-11D3-BF4B-00C04F79EFBC}") = "Task3.1", "Task3.1\Task3.1.csproj", "{8996FD2E-288D-422F-94CD-14D6E36EDBE7}"
EndProject
Project("{FAE04EC0-301F-11D3-BF4B-00C04F79EFBC}") = "Task3.2", "Task3.2\Task3.2.csproj", "{11A6816C-BB6B-45D0-9363-854CBB6D676C}"
EndProject
Project("{FAE04EC0-301F-11D3-BF4B-00C04F79EFBC}") = "Task3.3", "Task3.3\Task3.3.csproj", "{A9528FE2-3C82-40D4-82DF-C1BFF8B769CE}"
EndProject
Project("{FAE04EC0-301F-11D3-BF4B-00C04F79EFBC}") = "Task3.4", "Task3.4\Task3.4.csproj", "{9AB871FE-77AA-4EDB-AF93-B0BBC22E61C1}"
EndProject
Project("{FAE04EC0-301F-11D3-BF4B-00C04F79EFBC}") = "Task3.5", "Task3.5\Task3.5.csproj", "{B77F3F6C-18EB-4B70-AD78-83F5695B45BA}"
EndProject
Project("{FAE04EC0-301F-11D3-BF4B-00C04F79EFBC}") = "Task3.6", "Task3.6\Task3.6.csproj", "{797D3243-E6A0-4D0F-B0D2-5E5618A6071E}"
EndProject
Project("{FAE04EC0-301F-11D3-BF4B-00C04F79EFBC}") = "Task3.7", "Task3.7\Task3.7.csproj", "{19D6482D-5E32-43EC-A966-15AEB1E930F2}"
EndProject
Project("{FAE04EC0-301F-11D3-BF4B-00C04F79EFBC}") = "Task3.8", "Task3.8\Task3.8.csproj", "{8E63242D-3FF0-40CC-B419-76ECCEB480B4}"
EndProject
Project("{FAE04EC0-301F-11D3-BF4B-00C04F79EFBC}") = "Task3.9", "Task3.9\Task3.9.csproj", "{5BB38551-ACE7-460C-B1E4-1CEE1E0F60C7}"
EndProject
Project("{FAE04EC0-301F-11D3-BF4B-00C04F79EFBC}") = "Task3.10", "Task3.10\Task3.10.csproj", "{9B629A91-C7BD-4AC2-BB6D-853BF3B617E8}"
EndProject
Project("{FAE04EC0-301F-11D3-BF4B-00C04F79EFBC}") = "Task3.11", "Task3.11\Task3.11.csproj", "{121664BF-463B-4A0C-BB77-25E22657549E}"
EndProject
Project("{FAE04EC0-301F-11D3-BF4B-00C04F79EFBC}") = "Task3.12", "Task3.12\Task3.12.csproj", "{BEDC4342-525C-4601-908B-B028FF690C78}"
EndProject
Project("{FAE04EC0-301F-11D3-BF4B-00C04F79EFBC}") = "Task3.13", "Task3.13\Task3.13.csproj", "{1089AE52-3BFF-429E-BF1F-9CE7D37E246E}"
EndProject
Project("{FAE04EC0-301F-11D3-BF4B-00C04F79EFBC}") = "Task3.14", "Task3.14\Task3.14.csproj", "{2E3F2AA6-1844-4D95-A208-BF42E74A13E0}"
EndProject
Project("{FAE04EC0-301F-11D3-BF4B-00C04F79EFBC}") = "Task3.15", "Task3.15\Task3.15.csproj", "{2B9A55AF-462C-41C7-85EE-298C2ADE80AF}"
EndProject
Project("{FAE04EC0-301F-11D3-BF4B-00C04F79EFBC}") = "Task3.16", "Task3.16\Task3.16.csproj", "{7586881E-5BBC-462A-88A8-911089005C4D}"
EndProject
Global
	GlobalSection(SolutionConfigurationPlatforms) = preSolution
		Debug|Any CPU = Debug|Any CPU
		Release|Any CPU = Release|Any CPU
	EndGlobalSection
	GlobalSection(ProjectConfigurationPlatforms) = postSolution
		{8996FD2E-288D-422F-94CD-14D6E36EDBE7}.Debug|Any CPU.ActiveCfg = Debug|Any CPU
		{8996FD2E-288D-422F-94CD-14D6E36EDBE7}.Debug|Any CPU.Build.0 = Debug|Any CPU
		{8996FD2E-288D-422F-94CD-14D6E36EDBE7}.Release|Any CPU.ActiveCfg = Release|Any CPU
		{8996FD2E-288D-422F-94CD-14D6E36EDBE7}.Release|Any CPU.Build.0 = Release|Any CPU
		{11A6816C-BB6B-45D0-9363-854CBB6D676C}.Debug|Any CPU.ActiveCfg = Debug|Any CPU
		{11A6816C-BB6B-45D0-9363-854CBB6D676C}.Debug|Any CPU.Build.0 = Debug|Any CPU
		{11A6816C-BB6B-45D0-9363-854CBB6D676C}.Release|Any CPU.ActiveCfg = Release|Any CPU
		{11A6816C-BB6B-45D0-9363-854CBB6D676C}.Release|Any CPU.Build.0 = Release|Any CPU
		{A9528FE2-3C82-40D4-82DF-C1BFF8B769CE}.Debug|Any CPU.ActiveCfg = Debug|Any CPU
		{A9528FE2-3C82-40D4-82DF-C1BFF8B769CE}.Debug|Any CPU.Build.0 = Debug|Any CPU
		{A9528FE2-3C82-40D4-82DF-C1BFF8B769CE}.Release|Any CPU.ActiveCfg = Release|Any CPU
		{A9528FE2-3C82-40D4-82DF-C1BFF8B769CE}.Release|Any CPU.Build.0 = Release|Any CPU
		{9AB871FE-77AA-4EDB-AF93-B0BBC22E61C1}.Debug|Any CPU.ActiveCfg = Debug|Any CPU
		{9AB871FE-77AA-4EDB-AF93-B0BBC22E61C1}.Debug|Any CPU.Build.0 = Debug|Any CPU
		{9AB871FE-77AA-4EDB-AF93-B0BBC22E61C1}.Release|Any CPU.ActiveCfg = Release|Any CPU
		{9AB871FE-77AA-4EDB-AF93-B0BBC22E61C1}.Release|Any CPU.Build.0 = Release|Any CPU
		{B77F3F6C-18EB-4B70-AD78-83F5695B45BA}.Debug|Any CPU.ActiveCfg = Debug|Any CPU
		{B77F3F6C-18EB-4B70-AD78-83F5695B45BA}.Debug|Any CPU.Build.0 = Debug|Any CPU
		{B77F3F6C-18EB-4B70-AD78-83F5695B45BA}.Release|Any CPU.ActiveCfg = Release|Any CPU
		{B77F3F6C-18EB-4B70-AD78-83F5695B45BA}.Release|Any CPU.Build.0 = Release|Any CPU
		{797D3243-E6A0-4D0F-B0D2-5E5618A6071E}.Debug|Any CPU.ActiveCfg = Debug|Any CPU
		{797D3243-E6A0-4D0F-B0D2-5E5618A6071E}.Debug|Any CPU.Build.0 = Debug|Any CPU
		{797D3243-E6A0-4D0F-B0D2-5E5618A6071E}.Release|Any CPU.ActiveCfg = Release|Any CPU
		{797D3243-E6A0-4D0F-B0D2-5E5618A6071E}.Release|Any CPU.Build.0 = Release|Any CPU
		{19D6482D-5E32-43EC-A966-15AEB1E930F2}.Debug|Any CPU.ActiveCfg = Debug|Any CPU
		{19D6482D-5E32-43EC-A966-15AEB1E930F2}.Debug|Any CPU.Build.0 = Debug|Any CPU
		{19D6482D-5E32-43EC-A966-15AEB1E930F2}.Release|Any CPU.ActiveCfg = Release|Any CPU
		{19D6482D-5E32-43EC-A966-15AEB1E930F2}.Release|Any CPU.Build.0 = Release|Any CPU
		{8E63242D-3FF0-40CC-B419-76ECCEB480B4}.Debug|Any CPU.ActiveCfg = Debug|Any CPU
		{8E63242D-3FF0-40CC-B419-76ECCEB480B4}.Debug|Any CPU.Build.0 = Debug|Any CPU
		{8E63242D-3FF0-40CC-B419-76ECCEB480B4}.Release|Any CPU.ActiveCfg = Release|Any CPU
		{8E63242D-3FF0-40CC-B419-76ECCEB480B4}.Release|Any CPU.Build.0 = Release|Any CPU
		{5BB38551-ACE7-460C-B1E4-1CEE1E0F60C7}.Debug|Any CPU.ActiveCfg = Debug|Any CPU
		{5BB38551-ACE7-460C-B1E4-1CEE1E0F60C7}.Debug|Any CPU.Build.0 = Debug|Any CPU
		{5BB38551-ACE7-460C-B1E4-1CEE1E0F60C7}.Release|Any CPU.ActiveCfg = Release|Any CPU
		{5BB38551-ACE7-460C-B1E4-1CEE1E0F60C7}.Release|Any CPU.Build.0 = Release|Any CPU
		{9B629A91-C7BD-4AC2-BB6D-853BF3B617E8}.Debug|Any CPU.ActiveCfg = Debug|Any CPU
		{9B629A91-C7BD-4AC2-BB6D-853BF3B617E8}.Debug|Any CPU.Build.0 = Debug|Any CPU
		{9B629A91-C7BD-4AC2-BB6D-853BF3B617E8}.Release|Any CPU.ActiveCfg = Release|Any CPU
		{9B629A91-C7BD-4AC2-BB6D-853BF3B617E8}.Release|Any CPU.Build.0 = Release|Any CPU
		{121664BF-463B-4A0C-BB77-25E22657549E}.Debug|Any CPU.ActiveCfg = Debug|Any CPU
		{121664BF-463B-4A0C-BB77-25E22657549E}.Debug|Any CPU.Build.0 = Debug|Any CPU
		{121664BF-463B-4A0C-BB77-25E22657549E}.Release|Any CPU.ActiveCfg = Release|Any CPU
		{121664BF-463B-4A0C-BB77-25E22657549E}.Release|Any CPU.Build.0 = Release|Any CPU
		{BEDC4342-525C-4601-908B-B028FF690C78}.Debug|Any CPU.ActiveCfg = Debug|Any CPU
		{BEDC4342-525C-4601-908B-B028FF690C78}.Debug|Any CPU.Build.0 = Debug|Any CPU
		{BEDC4342-525C-4601-908B-B028FF690C78}.Release|Any CPU.ActiveCfg = Release|Any CPU
		{BEDC4342-525C-4601-908B-B028FF690C78}.Release|Any CPU.Build.0 = Release|Any CPU
		{1089AE52-3BFF-429E-BF1F-9CE7D37E246E}.Debug|Any CPU.ActiveCfg = Debug|Any CPU
		{1089AE52-3BFF-429E-BF1F-9CE7D37E246E}.Debug|Any CPU.Build.0 = Debug|Any CPU
		{1089AE52-3BFF-429E-BF1F-9CE7D37E246E}.Release|Any CPU.ActiveCfg = Release|Any CPU
		{1089AE52-3BFF-429E-BF1F-9CE7D37E246E}.Release|Any CPU.Build.0 = Release|Any CPU
		{2E3F2AA6-1844-4D95-A208-BF42E74A13E0}.Debug|Any CPU.ActiveCfg = Debug|Any CPU
		{2E3F2AA6-1844-4D95-A208-BF42E74A13E0}.Debug|Any CPU.Build.0 = Debug|Any CPU
		{2E3F2AA6-1844-4D95-A208-BF42E74A13E0}.Release|Any CPU.ActiveCfg = Release|Any CPU
		{2E3F2AA6-1844-4D95-A208-BF42E74A13E0}.Release|Any CPU.Build.0 = Release|Any CPU
		{2B9A55AF-462C-41C7-85EE-298C2ADE80AF}.Debug|Any CPU.ActiveCfg = Debug|Any CPU
		{2B9A55AF-462C-41C7-85EE-298C2ADE80AF}.Debug|Any CPU.Build.0 = Debug|Any CPU
		{2B9A55AF-462C-41C7-85EE-298C2ADE80AF}.Release|Any CPU.ActiveCfg = Release|Any CPU
		{2B9A55AF-462C-41C7-85EE-298C2ADE80AF}.Release|Any CPU.Build.0 = Release|Any CPU
		{7586881E-5BBC-462A-88A8-911089005C4D}.Debug|Any CPU.ActiveCfg = Debug|Any CPU
		{7586881E-5BBC-462A-88A8-911089005C4D}.Debug|Any CPU.Build.0 = Debug|Any CPU
		{7586881E-5BBC-462A-88A8-911089005C4D}.Release|Any CPU.ActiveCfg = Release|Any CPU
		{7586881E-5BBC-462A-88A8-911089005C4D}.Release|Any CPU.Build.0 = Release|Any CPU
	EndGlobalSection
	GlobalSection(SolutionProperties) = preSolution
		HideSolutionNode = FALSE
	EndGlobalSection
	GlobalSection(ExtensibilityGlobals) = postSolution
		SolutionGuid = {38A300D5-FD72-4B01-ABF5-856344B28EE9}
	EndGlobalSection
EndGlobal
